
Microsoft Visual Studio Solution File, Format Version 11.00
# Visual Studio 2010
Project("{2150E333-8FDC-42A3-9474-1A3956D46DE8}") = "FrameworkQuantum", "FrameworkQuantum", "{081B0355-DCB2-4F47-B049-5594E529CF8A}"
EndProject
Project("{FAE04EC0-301F-11D3-BF4B-00C04F79EFBC}") = "UtilesComunes", "FrameworkQuantum\UtilesComunes\UtilesComunes.csproj", "{6D9F0A0B-EBF4-47EE-97C0-ECD24530FD0A}"
EndProject
Project("{FAE04EC0-301F-11D3-BF4B-00C04F79EFBC}") = "PistasLib", "FrameworkQuantum\PistasLib\PistasLib.csproj", "{62559EE4-3E5E-4F97-8E3E-B4AE0A2086A9}"
EndProject
Project("{FAE04EC0-301F-11D3-BF4B-00C04F79EFBC}") = "DAL", "FrameworkQuantum\DAL\DAL.csproj", "{FE2B3AB7-7A49-4825-9D0F-17031560D930}"
EndProject
Project("{FAE04EC0-301F-11D3-BF4B-00C04F79EFBC}") = "Config", "FrameworkQuantum\Config\Config.csproj", "{CC9E0791-9873-4A57-816B-FDF5F7D56FCC}"
EndProject
Project("{FAE04EC0-301F-11D3-BF4B-00C04F79EFBC}") = "ExceptionHandlerLib", "FrameworkQuantum\ExceptionHandlerLib\ExceptionHandlerLib.csproj", "{0363C846-AB70-4FAB-8488-111890B6AEF5}"
EndProject
Project("{FAE04EC0-301F-11D3-BF4B-00C04F79EFBC}") = "Controles", "FrameworkQuantum\Controles\Controles.csproj", "{3019B6F9-7A6A-4302-82EE-6D85BDF90C9C}"
EndProject
Project("{FAE04EC0-301F-11D3-BF4B-00C04F79EFBC}") = "Forms", "FrameworkQuantum\Forms\Forms.csproj", "{DDEA82E3-9C8A-4A1C-9987-5AA9E0A0C93D}"
EndProject
Project("{FAE04EC0-301F-11D3-BF4B-00C04F79EFBC}") = "BLL", "FrameworkQuantum\BLL\BLL.csproj", "{4E0C033D-3816-44C7-A205-FE5D1E4D5E2E}"
EndProject
Project("{FAE04EC0-301F-11D3-BF4B-00C04F79EFBC}") = "PluginComunicacionBase", "FrameworkQuantum\PluginComunicacionBase\PluginComunicacionBase.csproj", "{E835B576-689B-41DD-8433-A816EF03F06D}"
EndProject
Project("{FAE04EC0-301F-11D3-BF4B-00C04F79EFBC}") = "SincronizacionLib", "FrameworkQuantum\SincronizacionLib\SincronizacionLib.csproj", "{F7C1CD1A-DB3F-40C3-B17C-5624450DB2D1}"
EndProject
Project("{FAE04EC0-301F-11D3-BF4B-00C04F79EFBC}") = "MenuQuantum", "FrameworkQuantum\MenuQuantum\MenuQuantum.csproj", "{2CD4D188-D8B7-495B-8DFC-ADD90F851B74}"
EndProject
Project("{2150E333-8FDC-42A3-9474-1A3956D46DE8}") = "Servicios", "Servicios", "{4809C7D0-5B65-4B1F-B9A7-B4D080B0967B}"
EndProject
Project("{FAE04EC0-301F-11D3-BF4B-00C04F79EFBC}") = "WcfServicioSISFALLA", "Servicios\WcfServicioSISFALLA\WcfServicioSISFALLA.csproj", "{ECF122B9-4A5D-4124-AFF9-3B6689707EF0}"
EndProject
Project("{2150E333-8FDC-42A3-9474-1A3956D46DE8}") = "SisFalla", "SisFalla", "{E05E6126-D7FD-4234-80C6-F0BCE34815F3}"
EndProject
Project("{FAE04EC0-301F-11D3-BF4B-00C04F79EFBC}") = "ModeloSisFalla", "SisFalla\ModeloSisFalla\ModeloSisFalla.csproj", "{052DA623-72A9-45DE-9224-76AA20EB59C7}"
EndProject
Project("{FAE04EC0-301F-11D3-BF4B-00C04F79EFBC}") = "OraDalSisFalla", "SisFalla\OraDalSisFalla\OraDalSisFalla.csproj", "{77D30B6D-66D8-4AE7-A647-E705A74F61D4}"
EndProject
Project("{FAE04EC0-301F-11D3-BF4B-00C04F79EFBC}") = "SisFallaEmailLib", "SisFalla\SisFallaEmailLib\SisFallaEmailLib.csproj", "{C162C709-FB3C-4DFF-A0C3-91DCAB3468BF}"
EndProject
Project("{FAE04EC0-301F-11D3-BF4B-00C04F79EFBC}") = "WcfDalSisFalla", "SisFalla\WcfDalSisFalla\WcfDalSisFalla.csproj", "{C55F67BB-BCC0-4809-BBA7-B379CD42F227}"
EndProject
Project("{FAE04EC0-301F-11D3-BF4B-00C04F79EFBC}") = "repSisfalla", "SisFalla\repSisfalla\repSisfalla.csproj", "{18BA9EA5-1487-4D6C-A8EC-8F3D1477DE7B}"
EndProject
Project("{FAE04EC0-301F-11D3-BF4B-00C04F79EFBC}") = "SISFALLA", "SisFalla\SISFALLA\SISFALLA.csproj", "{0EEDCEE5-B033-4711-B2CF-13B9EF74203C}"
EndProject
Project("{FAE04EC0-301F-11D3-BF4B-00C04F79EFBC}") = "SisFallaUIComun", "SisFallaUIComun\SisFallaUIComun.csproj", "{E90D639D-B164-449A-8795-AC43F108C58C}"
EndProject
Project("{FAE04EC0-301F-11D3-BF4B-00C04F79EFBC}") = "SisFallaUIInforme", "SisFallaUIInforme\SisFallaUIInforme.csproj", "{EEA9900B-D3B8-46F8-B452-EE4D64DD87A8}"
EndProject
Project("{FAE04EC0-301F-11D3-BF4B-00C04F79EFBC}") = "SisFallaUINotificacion", "SisFallaUINotificacion\SisFallaUINotificacion.csproj", "{9609F565-2EE3-4DD4-8B2B-5A19810FA18F}"
EndProject
Project("{FAE04EC0-301F-11D3-BF4B-00C04F79EFBC}") = "GeneradorEnumsPorDominios", "FrameworkQuantum\GeneradorEnumsPorDominios\GeneradorEnumsPorDominios.csproj", "{CDB06C39-466D-4529-8930-E9B54A74986F}"
EndProject
Project("{FAE04EC0-301F-11D3-BF4B-00C04F79EFBC}") = "Reportes", "FrameworkQuantum\Reportes\Reportes.csproj", "{2B625F3B-0717-496C-B5E9-D509D5FAEB9C}"
EndProject
Project("{FAE04EC0-301F-11D3-BF4B-00C04F79EFBC}") = "ReportesQuantum", "FrameworkQuantum\ReportesQuantum\ReportesQuantum.csproj", "{66C94BE4-5245-4D0C-A358-87B9B85E092E}"
EndProject
Global
	GlobalSection(SolutionConfigurationPlatforms) = preSolution
		Debug|Any CPU = Debug|Any CPU
		Debug|Mixed Platforms = Debug|Mixed Platforms
		Debug|x86 = Debug|x86
		Release|Any CPU = Release|Any CPU
		Release|Mixed Platforms = Release|Mixed Platforms
		Release|x86 = Release|x86
	EndGlobalSection
	GlobalSection(ProjectConfigurationPlatforms) = postSolution
		{6D9F0A0B-EBF4-47EE-97C0-ECD24530FD0A}.Debug|Any CPU.ActiveCfg = Debug|Any CPU
		{6D9F0A0B-EBF4-47EE-97C0-ECD24530FD0A}.Debug|Any CPU.Build.0 = Debug|Any CPU
		{6D9F0A0B-EBF4-47EE-97C0-ECD24530FD0A}.Debug|Mixed Platforms.ActiveCfg = Debug|Any CPU
		{6D9F0A0B-EBF4-47EE-97C0-ECD24530FD0A}.Debug|Mixed Platforms.Build.0 = Debug|Any CPU
		{6D9F0A0B-EBF4-47EE-97C0-ECD24530FD0A}.Debug|x86.ActiveCfg = Debug|Any CPU
		{6D9F0A0B-EBF4-47EE-97C0-ECD24530FD0A}.Release|Any CPU.ActiveCfg = Release|Any CPU
		{6D9F0A0B-EBF4-47EE-97C0-ECD24530FD0A}.Release|Any CPU.Build.0 = Release|Any CPU
		{6D9F0A0B-EBF4-47EE-97C0-ECD24530FD0A}.Release|Mixed Platforms.ActiveCfg = Release|Any CPU
		{6D9F0A0B-EBF4-47EE-97C0-ECD24530FD0A}.Release|Mixed Platforms.Build.0 = Release|Any CPU
		{6D9F0A0B-EBF4-47EE-97C0-ECD24530FD0A}.Release|x86.ActiveCfg = Release|Any CPU
		{62559EE4-3E5E-4F97-8E3E-B4AE0A2086A9}.Debug|Any CPU.ActiveCfg = Debug|Any CPU
		{62559EE4-3E5E-4F97-8E3E-B4AE0A2086A9}.Debug|Any CPU.Build.0 = Debug|Any CPU
		{62559EE4-3E5E-4F97-8E3E-B4AE0A2086A9}.Debug|Mixed Platforms.ActiveCfg = Debug|Any CPU
		{62559EE4-3E5E-4F97-8E3E-B4AE0A2086A9}.Debug|Mixed Platforms.Build.0 = Debug|Any CPU
		{62559EE4-3E5E-4F97-8E3E-B4AE0A2086A9}.Debug|x86.ActiveCfg = Debug|Any CPU
		{62559EE4-3E5E-4F97-8E3E-B4AE0A2086A9}.Release|Any CPU.ActiveCfg = Release|Any CPU
		{62559EE4-3E5E-4F97-8E3E-B4AE0A2086A9}.Release|Any CPU.Build.0 = Release|Any CPU
		{62559EE4-3E5E-4F97-8E3E-B4AE0A2086A9}.Release|Mixed Platforms.ActiveCfg = Release|Any CPU
		{62559EE4-3E5E-4F97-8E3E-B4AE0A2086A9}.Release|Mixed Platforms.Build.0 = Release|Any CPU
		{62559EE4-3E5E-4F97-8E3E-B4AE0A2086A9}.Release|x86.ActiveCfg = Release|Any CPU
		{FE2B3AB7-7A49-4825-9D0F-17031560D930}.Debug|Any CPU.ActiveCfg = Debug|Any CPU
		{FE2B3AB7-7A49-4825-9D0F-17031560D930}.Debug|Any CPU.Build.0 = Debug|Any CPU
		{FE2B3AB7-7A49-4825-9D0F-17031560D930}.Debug|Mixed Platforms.ActiveCfg = Debug|Any CPU
		{FE2B3AB7-7A49-4825-9D0F-17031560D930}.Debug|Mixed Platforms.Build.0 = Debug|Any CPU
		{FE2B3AB7-7A49-4825-9D0F-17031560D930}.Debug|x86.ActiveCfg = Debug|Any CPU
		{FE2B3AB7-7A49-4825-9D0F-17031560D930}.Release|Any CPU.ActiveCfg = Release|Any CPU
		{FE2B3AB7-7A49-4825-9D0F-17031560D930}.Release|Any CPU.Build.0 = Release|Any CPU
		{FE2B3AB7-7A49-4825-9D0F-17031560D930}.Release|Mixed Platforms.ActiveCfg = Release|Any CPU
		{FE2B3AB7-7A49-4825-9D0F-17031560D930}.Release|Mixed Platforms.Build.0 = Release|Any CPU
		{FE2B3AB7-7A49-4825-9D0F-17031560D930}.Release|x86.ActiveCfg = Release|Any CPU
		{CC9E0791-9873-4A57-816B-FDF5F7D56FCC}.Debug|Any CPU.ActiveCfg = Debug|Any CPU
		{CC9E0791-9873-4A57-816B-FDF5F7D56FCC}.Debug|Any CPU.Build.0 = Debug|Any CPU
		{CC9E0791-9873-4A57-816B-FDF5F7D56FCC}.Debug|Mixed Platforms.ActiveCfg = Debug|Any CPU
		{CC9E0791-9873-4A57-816B-FDF5F7D56FCC}.Debug|Mixed Platforms.Build.0 = Debug|Any CPU
		{CC9E0791-9873-4A57-816B-FDF5F7D56FCC}.Debug|x86.ActiveCfg = Debug|Any CPU
		{CC9E0791-9873-4A57-816B-FDF5F7D56FCC}.Release|Any CPU.ActiveCfg = Release|Any CPU
		{CC9E0791-9873-4A57-816B-FDF5F7D56FCC}.Release|Any CPU.Build.0 = Release|Any CPU
		{CC9E0791-9873-4A57-816B-FDF5F7D56FCC}.Release|Mixed Platforms.ActiveCfg = Release|Any CPU
		{CC9E0791-9873-4A57-816B-FDF5F7D56FCC}.Release|Mixed Platforms.Build.0 = Release|Any CPU
		{CC9E0791-9873-4A57-816B-FDF5F7D56FCC}.Release|x86.ActiveCfg = Release|Any CPU
		{0363C846-AB70-4FAB-8488-111890B6AEF5}.Debug|Any CPU.ActiveCfg = Debug|Any CPU
		{0363C846-AB70-4FAB-8488-111890B6AEF5}.Debug|Any CPU.Build.0 = Debug|Any CPU
		{0363C846-AB70-4FAB-8488-111890B6AEF5}.Debug|Mixed Platforms.ActiveCfg = Debug|Any CPU
		{0363C846-AB70-4FAB-8488-111890B6AEF5}.Debug|Mixed Platforms.Build.0 = Debug|Any CPU
		{0363C846-AB70-4FAB-8488-111890B6AEF5}.Debug|x86.ActiveCfg = Debug|Any CPU
		{0363C846-AB70-4FAB-8488-111890B6AEF5}.Release|Any CPU.ActiveCfg = Release|Any CPU
		{0363C846-AB70-4FAB-8488-111890B6AEF5}.Release|Any CPU.Build.0 = Release|Any CPU
		{0363C846-AB70-4FAB-8488-111890B6AEF5}.Release|Mixed Platforms.ActiveCfg = Release|Any CPU
		{0363C846-AB70-4FAB-8488-111890B6AEF5}.Release|Mixed Platforms.Build.0 = Release|Any CPU
		{0363C846-AB70-4FAB-8488-111890B6AEF5}.Release|x86.ActiveCfg = Release|Any CPU
		{3019B6F9-7A6A-4302-82EE-6D85BDF90C9C}.Debug|Any CPU.ActiveCfg = Debug|Any CPU
		{3019B6F9-7A6A-4302-82EE-6D85BDF90C9C}.Debug|Any CPU.Build.0 = Debug|Any CPU
		{3019B6F9-7A6A-4302-82EE-6D85BDF90C9C}.Debug|Mixed Platforms.ActiveCfg = Debug|Any CPU
		{3019B6F9-7A6A-4302-82EE-6D85BDF90C9C}.Debug|Mixed Platforms.Build.0 = Debug|Any CPU
		{3019B6F9-7A6A-4302-82EE-6D85BDF90C9C}.Debug|x86.ActiveCfg = Debug|Any CPU
		{3019B6F9-7A6A-4302-82EE-6D85BDF90C9C}.Release|Any CPU.ActiveCfg = Release|Any CPU
		{3019B6F9-7A6A-4302-82EE-6D85BDF90C9C}.Release|Any CPU.Build.0 = Release|Any CPU
		{3019B6F9-7A6A-4302-82EE-6D85BDF90C9C}.Release|Mixed Platforms.ActiveCfg = Release|Any CPU
		{3019B6F9-7A6A-4302-82EE-6D85BDF90C9C}.Release|Mixed Platforms.Build.0 = Release|Any CPU
		{3019B6F9-7A6A-4302-82EE-6D85BDF90C9C}.Release|x86.ActiveCfg = Release|Any CPU
		{DDEA82E3-9C8A-4A1C-9987-5AA9E0A0C93D}.Debug|Any CPU.ActiveCfg = Debug|Any CPU
		{DDEA82E3-9C8A-4A1C-9987-5AA9E0A0C93D}.Debug|Any CPU.Build.0 = Debug|Any CPU
		{DDEA82E3-9C8A-4A1C-9987-5AA9E0A0C93D}.Debug|Mixed Platforms.ActiveCfg = Debug|Any CPU
		{DDEA82E3-9C8A-4A1C-9987-5AA9E0A0C93D}.Debug|Mixed Platforms.Build.0 = Debug|Any CPU
		{DDEA82E3-9C8A-4A1C-9987-5AA9E0A0C93D}.Debug|x86.ActiveCfg = Debug|Any CPU
		{DDEA82E3-9C8A-4A1C-9987-5AA9E0A0C93D}.Release|Any CPU.ActiveCfg = Release|Any CPU
		{DDEA82E3-9C8A-4A1C-9987-5AA9E0A0C93D}.Release|Any CPU.Build.0 = Release|Any CPU
		{DDEA82E3-9C8A-4A1C-9987-5AA9E0A0C93D}.Release|Mixed Platforms.ActiveCfg = Release|Any CPU
		{DDEA82E3-9C8A-4A1C-9987-5AA9E0A0C93D}.Release|Mixed Platforms.Build.0 = Release|Any CPU
		{DDEA82E3-9C8A-4A1C-9987-5AA9E0A0C93D}.Release|x86.ActiveCfg = Release|Any CPU
		{4E0C033D-3816-44C7-A205-FE5D1E4D5E2E}.Debug|Any CPU.ActiveCfg = Debug|Any CPU
		{4E0C033D-3816-44C7-A205-FE5D1E4D5E2E}.Debug|Any CPU.Build.0 = Debug|Any CPU
		{4E0C033D-3816-44C7-A205-FE5D1E4D5E2E}.Debug|Mixed Platforms.ActiveCfg = Debug|Any CPU
		{4E0C033D-3816-44C7-A205-FE5D1E4D5E2E}.Debug|Mixed Platforms.Build.0 = Debug|Any CPU
		{4E0C033D-3816-44C7-A205-FE5D1E4D5E2E}.Debug|x86.ActiveCfg = Debug|Any CPU
		{4E0C033D-3816-44C7-A205-FE5D1E4D5E2E}.Release|Any CPU.ActiveCfg = Release|Any CPU
		{4E0C033D-3816-44C7-A205-FE5D1E4D5E2E}.Release|Any CPU.Build.0 = Release|Any CPU
		{4E0C033D-3816-44C7-A205-FE5D1E4D5E2E}.Release|Mixed Platforms.ActiveCfg = Release|Any CPU
		{4E0C033D-3816-44C7-A205-FE5D1E4D5E2E}.Release|Mixed Platforms.Build.0 = Release|Any CPU
		{4E0C033D-3816-44C7-A205-FE5D1E4D5E2E}.Release|x86.ActiveCfg = Release|Any CPU
		{E835B576-689B-41DD-8433-A816EF03F06D}.Debug|Any CPU.ActiveCfg = Debug|Any CPU
		{E835B576-689B-41DD-8433-A816EF03F06D}.Debug|Any CPU.Build.0 = Debug|Any CPU
		{E835B576-689B-41DD-8433-A816EF03F06D}.Debug|Mixed Platforms.ActiveCfg = Debug|Any CPU
		{E835B576-689B-41DD-8433-A816EF03F06D}.Debug|Mixed Platforms.Build.0 = Debug|Any CPU
		{E835B576-689B-41DD-8433-A816EF03F06D}.Debug|x86.ActiveCfg = Debug|Any CPU
		{E835B576-689B-41DD-8433-A816EF03F06D}.Release|Any CPU.ActiveCfg = Release|Any CPU
		{E835B576-689B-41DD-8433-A816EF03F06D}.Release|Any CPU.Build.0 = Release|Any CPU
		{E835B576-689B-41DD-8433-A816EF03F06D}.Release|Mixed Platforms.ActiveCfg = Release|Any CPU
		{E835B576-689B-41DD-8433-A816EF03F06D}.Release|Mixed Platforms.Build.0 = Release|Any CPU
		{E835B576-689B-41DD-8433-A816EF03F06D}.Release|x86.ActiveCfg = Release|Any CPU
		{F7C1CD1A-DB3F-40C3-B17C-5624450DB2D1}.Debug|Any CPU.ActiveCfg = Debug|Any CPU
		{F7C1CD1A-DB3F-40C3-B17C-5624450DB2D1}.Debug|Any CPU.Build.0 = Debug|Any CPU
		{F7C1CD1A-DB3F-40C3-B17C-5624450DB2D1}.Debug|Mixed Platforms.ActiveCfg = Debug|Any CPU
		{F7C1CD1A-DB3F-40C3-B17C-5624450DB2D1}.Debug|Mixed Platforms.Build.0 = Debug|Any CPU
		{F7C1CD1A-DB3F-40C3-B17C-5624450DB2D1}.Debug|x86.ActiveCfg = Debug|Any CPU
		{F7C1CD1A-DB3F-40C3-B17C-5624450DB2D1}.Release|Any CPU.ActiveCfg = Release|Any CPU
		{F7C1CD1A-DB3F-40C3-B17C-5624450DB2D1}.Release|Any CPU.Build.0 = Release|Any CPU
		{F7C1CD1A-DB3F-40C3-B17C-5624450DB2D1}.Release|Mixed Platforms.ActiveCfg = Release|Any CPU
		{F7C1CD1A-DB3F-40C3-B17C-5624450DB2D1}.Release|Mixed Platforms.Build.0 = Release|Any CPU
		{F7C1CD1A-DB3F-40C3-B17C-5624450DB2D1}.Release|x86.ActiveCfg = Release|Any CPU
		{2CD4D188-D8B7-495B-8DFC-ADD90F851B74}.Debug|Any CPU.ActiveCfg = Debug|Any CPU
		{2CD4D188-D8B7-495B-8DFC-ADD90F851B74}.Debug|Any CPU.Build.0 = Debug|Any CPU
		{2CD4D188-D8B7-495B-8DFC-ADD90F851B74}.Debug|Mixed Platforms.ActiveCfg = Debug|Any CPU
		{2CD4D188-D8B7-495B-8DFC-ADD90F851B74}.Debug|Mixed Platforms.Build.0 = Debug|Any CPU
		{2CD4D188-D8B7-495B-8DFC-ADD90F851B74}.Debug|x86.ActiveCfg = Debug|Any CPU
		{2CD4D188-D8B7-495B-8DFC-ADD90F851B74}.Release|Any CPU.ActiveCfg = Release|Any CPU
		{2CD4D188-D8B7-495B-8DFC-ADD90F851B74}.Release|Any CPU.Build.0 = Release|Any CPU
		{2CD4D188-D8B7-495B-8DFC-ADD90F851B74}.Release|Mixed Platforms.ActiveCfg = Release|Any CPU
		{2CD4D188-D8B7-495B-8DFC-ADD90F851B74}.Release|Mixed Platforms.Build.0 = Release|Any CPU
		{2CD4D188-D8B7-495B-8DFC-ADD90F851B74}.Release|x86.ActiveCfg = Release|Any CPU
		{ECF122B9-4A5D-4124-AFF9-3B6689707EF0}.Debug|Any CPU.ActiveCfg = Debug|Any CPU
		{ECF122B9-4A5D-4124-AFF9-3B6689707EF0}.Debug|Any CPU.Build.0 = Debug|Any CPU
		{ECF122B9-4A5D-4124-AFF9-3B6689707EF0}.Debug|Mixed Platforms.ActiveCfg = Debug|Any CPU
		{ECF122B9-4A5D-4124-AFF9-3B6689707EF0}.Debug|x86.ActiveCfg = Debug|Any CPU
		{ECF122B9-4A5D-4124-AFF9-3B6689707EF0}.Release|Any CPU.ActiveCfg = Release|Any CPU
		{ECF122B9-4A5D-4124-AFF9-3B6689707EF0}.Release|Any CPU.Build.0 = Release|Any CPU
		{ECF122B9-4A5D-4124-AFF9-3B6689707EF0}.Release|Mixed Platforms.ActiveCfg = Release|Any CPU
		{ECF122B9-4A5D-4124-AFF9-3B6689707EF0}.Release|x86.ActiveCfg = Release|Any CPU
		{052DA623-72A9-45DE-9224-76AA20EB59C7}.Debug|Any CPU.ActiveCfg = Debug|Any CPU
		{052DA623-72A9-45DE-9224-76AA20EB59C7}.Debug|Any CPU.Build.0 = Debug|Any CPU
		{052DA623-72A9-45DE-9224-76AA20EB59C7}.Debug|Mixed Platforms.ActiveCfg = Debug|Any CPU
		{052DA623-72A9-45DE-9224-76AA20EB59C7}.Debug|Mixed Platforms.Build.0 = Debug|Any CPU
		{052DA623-72A9-45DE-9224-76AA20EB59C7}.Debug|x86.ActiveCfg = Debug|Any CPU
		{052DA623-72A9-45DE-9224-76AA20EB59C7}.Release|Any CPU.ActiveCfg = Release|Any CPU
		{052DA623-72A9-45DE-9224-76AA20EB59C7}.Release|Any CPU.Build.0 = Release|Any CPU
		{052DA623-72A9-45DE-9224-76AA20EB59C7}.Release|Mixed Platforms.ActiveCfg = Release|Any CPU
		{052DA623-72A9-45DE-9224-76AA20EB59C7}.Release|Mixed Platforms.Build.0 = Release|Any CPU
		{052DA623-72A9-45DE-9224-76AA20EB59C7}.Release|x86.ActiveCfg = Release|Any CPU
		{77D30B6D-66D8-4AE7-A647-E705A74F61D4}.Debug|Any CPU.ActiveCfg = Debug|Any CPU
		{77D30B6D-66D8-4AE7-A647-E705A74F61D4}.Debug|Any CPU.Build.0 = Debug|Any CPU
		{77D30B6D-66D8-4AE7-A647-E705A74F61D4}.Debug|Mixed Platforms.ActiveCfg = Debug|Any CPU
		{77D30B6D-66D8-4AE7-A647-E705A74F61D4}.Debug|Mixed Platforms.Build.0 = Debug|Any CPU
		{77D30B6D-66D8-4AE7-A647-E705A74F61D4}.Debug|x86.ActiveCfg = Debug|Any CPU
		{77D30B6D-66D8-4AE7-A647-E705A74F61D4}.Release|Any CPU.ActiveCfg = Release|Any CPU
		{77D30B6D-66D8-4AE7-A647-E705A74F61D4}.Release|Any CPU.Build.0 = Release|Any CPU
		{77D30B6D-66D8-4AE7-A647-E705A74F61D4}.Release|Mixed Platforms.ActiveCfg = Release|Any CPU
		{77D30B6D-66D8-4AE7-A647-E705A74F61D4}.Release|Mixed Platforms.Build.0 = Release|Any CPU
		{77D30B6D-66D8-4AE7-A647-E705A74F61D4}.Release|x86.ActiveCfg = Release|Any CPU
		{C162C709-FB3C-4DFF-A0C3-91DCAB3468BF}.Debug|Any CPU.ActiveCfg = Debug|Any CPU
		{C162C709-FB3C-4DFF-A0C3-91DCAB3468BF}.Debug|Any CPU.Build.0 = Debug|Any CPU
		{C162C709-FB3C-4DFF-A0C3-91DCAB3468BF}.Debug|Mixed Platforms.ActiveCfg = Debug|Any CPU
		{C162C709-FB3C-4DFF-A0C3-91DCAB3468BF}.Debug|Mixed Platforms.Build.0 = Debug|Any CPU
		{C162C709-FB3C-4DFF-A0C3-91DCAB3468BF}.Debug|x86.ActiveCfg = Debug|Any CPU
		{C162C709-FB3C-4DFF-A0C3-91DCAB3468BF}.Release|Any CPU.ActiveCfg = Release|Any CPU
		{C162C709-FB3C-4DFF-A0C3-91DCAB3468BF}.Release|Any CPU.Build.0 = Release|Any CPU
		{C162C709-FB3C-4DFF-A0C3-91DCAB3468BF}.Release|Mixed Platforms.ActiveCfg = Release|Any CPU
		{C162C709-FB3C-4DFF-A0C3-91DCAB3468BF}.Release|Mixed Platforms.Build.0 = Release|Any CPU
		{C162C709-FB3C-4DFF-A0C3-91DCAB3468BF}.Release|x86.ActiveCfg = Release|Any CPU
		{C55F67BB-BCC0-4809-BBA7-B379CD42F227}.Debug|Any CPU.ActiveCfg = Debug|Any CPU
		{C55F67BB-BCC0-4809-BBA7-B379CD42F227}.Debug|Any CPU.Build.0 = Debug|Any CPU
		{C55F67BB-BCC0-4809-BBA7-B379CD42F227}.Debug|Mixed Platforms.ActiveCfg = Debug|Any CPU
		{C55F67BB-BCC0-4809-BBA7-B379CD42F227}.Debug|Mixed Platforms.Build.0 = Debug|Any CPU
		{C55F67BB-BCC0-4809-BBA7-B379CD42F227}.Debug|x86.ActiveCfg = Debug|Any CPU
		{C55F67BB-BCC0-4809-BBA7-B379CD42F227}.Release|Any CPU.ActiveCfg = Release|Any CPU
		{C55F67BB-BCC0-4809-BBA7-B379CD42F227}.Release|Any CPU.Build.0 = Release|Any CPU
		{C55F67BB-BCC0-4809-BBA7-B379CD42F227}.Release|Mixed Platforms.ActiveCfg = Release|Any CPU
		{C55F67BB-BCC0-4809-BBA7-B379CD42F227}.Release|Mixed Platforms.Build.0 = Release|Any CPU
		{C55F67BB-BCC0-4809-BBA7-B379CD42F227}.Release|x86.ActiveCfg = Release|Any CPU
		{18BA9EA5-1487-4D6C-A8EC-8F3D1477DE7B}.Debug|Any CPU.ActiveCfg = Debug|x86
		{18BA9EA5-1487-4D6C-A8EC-8F3D1477DE7B}.Debug|Mixed Platforms.ActiveCfg = Debug|x86
		{18BA9EA5-1487-4D6C-A8EC-8F3D1477DE7B}.Debug|Mixed Platforms.Build.0 = Debug|x86
		{18BA9EA5-1487-4D6C-A8EC-8F3D1477DE7B}.Debug|x86.ActiveCfg = Debug|x86
		{18BA9EA5-1487-4D6C-A8EC-8F3D1477DE7B}.Debug|x86.Build.0 = Debug|x86
		{18BA9EA5-1487-4D6C-A8EC-8F3D1477DE7B}.Release|Any CPU.ActiveCfg = Release|x86
		{18BA9EA5-1487-4D6C-A8EC-8F3D1477DE7B}.Release|Mixed Platforms.ActiveCfg = Release|x86
		{18BA9EA5-1487-4D6C-A8EC-8F3D1477DE7B}.Release|Mixed Platforms.Build.0 = Release|x86
		{18BA9EA5-1487-4D6C-A8EC-8F3D1477DE7B}.Release|x86.ActiveCfg = Release|x86
		{18BA9EA5-1487-4D6C-A8EC-8F3D1477DE7B}.Release|x86.Build.0 = Release|x86
		{0EEDCEE5-B033-4711-B2CF-13B9EF74203C}.Debug|Any CPU.ActiveCfg = Debug|x86
		{0EEDCEE5-B033-4711-B2CF-13B9EF74203C}.Debug|Mixed Platforms.ActiveCfg = Debug|x86
		{0EEDCEE5-B033-4711-B2CF-13B9EF74203C}.Debug|Mixed Platforms.Build.0 = Debug|x86
		{0EEDCEE5-B033-4711-B2CF-13B9EF74203C}.Debug|x86.ActiveCfg = Debug|x86
		{0EEDCEE5-B033-4711-B2CF-13B9EF74203C}.Debug|x86.Build.0 = Debug|x86
		{0EEDCEE5-B033-4711-B2CF-13B9EF74203C}.Release|Any CPU.ActiveCfg = Release|x86
		{0EEDCEE5-B033-4711-B2CF-13B9EF74203C}.Release|Mixed Platforms.ActiveCfg = Release|x86
		{0EEDCEE5-B033-4711-B2CF-13B9EF74203C}.Release|Mixed Platforms.Build.0 = Release|x86
		{0EEDCEE5-B033-4711-B2CF-13B9EF74203C}.Release|x86.ActiveCfg = Release|x86
		{0EEDCEE5-B033-4711-B2CF-13B9EF74203C}.Release|x86.Build.0 = Release|x86
		{E90D639D-B164-449A-8795-AC43F108C58C}.Debug|Any CPU.ActiveCfg = Debug|Any CPU
		{E90D639D-B164-449A-8795-AC43F108C58C}.Debug|Any CPU.Build.0 = Debug|Any CPU
		{E90D639D-B164-449A-8795-AC43F108C58C}.Debug|Mixed Platforms.ActiveCfg = Debug|Any CPU
		{E90D639D-B164-449A-8795-AC43F108C58C}.Debug|Mixed Platforms.Build.0 = Debug|Any CPU
		{E90D639D-B164-449A-8795-AC43F108C58C}.Debug|x86.ActiveCfg = Debug|Any CPU
		{E90D639D-B164-449A-8795-AC43F108C58C}.Release|Any CPU.ActiveCfg = Release|Any CPU
		{E90D639D-B164-449A-8795-AC43F108C58C}.Release|Any CPU.Build.0 = Release|Any CPU
		{E90D639D-B164-449A-8795-AC43F108C58C}.Release|Mixed Platforms.ActiveCfg = Release|Any CPU
		{E90D639D-B164-449A-8795-AC43F108C58C}.Release|Mixed Platforms.Build.0 = Release|Any CPU
		{E90D639D-B164-449A-8795-AC43F108C58C}.Release|x86.ActiveCfg = Release|Any CPU
		{EEA9900B-D3B8-46F8-B452-EE4D64DD87A8}.Debug|Any CPU.ActiveCfg = Debug|Any CPU
		{EEA9900B-D3B8-46F8-B452-EE4D64DD87A8}.Debug|Any CPU.Build.0 = Debug|Any CPU
		{EEA9900B-D3B8-46F8-B452-EE4D64DD87A8}.Debug|Mixed Platforms.ActiveCfg = Debug|Any CPU
		{EEA9900B-D3B8-46F8-B452-EE4D64DD87A8}.Debug|Mixed Platforms.Build.0 = Debug|Any CPU
		{EEA9900B-D3B8-46F8-B452-EE4D64DD87A8}.Debug|x86.ActiveCfg = Debug|Any CPU
		{EEA9900B-D3B8-46F8-B452-EE4D64DD87A8}.Release|Any CPU.ActiveCfg = Release|Any CPU
		{EEA9900B-D3B8-46F8-B452-EE4D64DD87A8}.Release|Any CPU.Build.0 = Release|Any CPU
		{EEA9900B-D3B8-46F8-B452-EE4D64DD87A8}.Release|Mixed Platforms.ActiveCfg = Release|Any CPU
		{EEA9900B-D3B8-46F8-B452-EE4D64DD87A8}.Release|Mixed Platforms.Build.0 = Release|Any CPU
		{EEA9900B-D3B8-46F8-B452-EE4D64DD87A8}.Release|x86.ActiveCfg = Release|Any CPU
		{9609F565-2EE3-4DD4-8B2B-5A19810FA18F}.Debug|Any CPU.ActiveCfg = Debug|Any CPU
		{9609F565-2EE3-4DD4-8B2B-5A19810FA18F}.Debug|Any CPU.Build.0 = Debug|Any CPU
		{9609F565-2EE3-4DD4-8B2B-5A19810FA18F}.Debug|Mixed Platforms.ActiveCfg = Debug|Any CPU
		{9609F565-2EE3-4DD4-8B2B-5A19810FA18F}.Debug|Mixed Platforms.Build.0 = Debug|Any CPU
		{9609F565-2EE3-4DD4-8B2B-5A19810FA18F}.Debug|x86.ActiveCfg = Debug|Any CPU
		{9609F565-2EE3-4DD4-8B2B-5A19810FA18F}.Release|Any CPU.ActiveCfg = Release|Any CPU
		{9609F565-2EE3-4DD4-8B2B-5A19810FA18F}.Release|Any CPU.Build.0 = Release|Any CPU
		{9609F565-2EE3-4DD4-8B2B-5A19810FA18F}.Release|Mixed Platforms.ActiveCfg = Release|Any CPU
		{9609F565-2EE3-4DD4-8B2B-5A19810FA18F}.Release|Mixed Platforms.Build.0 = Release|Any CPU
		{9609F565-2EE3-4DD4-8B2B-5A19810FA18F}.Release|x86.ActiveCfg = Release|Any CPU
		{CDB06C39-466D-4529-8930-E9B54A74986F}.Debug|Any CPU.ActiveCfg = Debug|x86
		{CDB06C39-466D-4529-8930-E9B54A74986F}.Debug|Mixed Platforms.ActiveCfg = Debug|x86
		{CDB06C39-466D-4529-8930-E9B54A74986F}.Debug|Mixed Platforms.Build.0 = Debug|x86
		{CDB06C39-466D-4529-8930-E9B54A74986F}.Debug|x86.ActiveCfg = Debug|x86
		{CDB06C39-466D-4529-8930-E9B54A74986F}.Debug|x86.Build.0 = Debug|x86
		{CDB06C39-466D-4529-8930-E9B54A74986F}.Release|Any CPU.ActiveCfg = Release|x86
		{CDB06C39-466D-4529-8930-E9B54A74986F}.Release|Mixed Platforms.ActiveCfg = Release|x86
		{CDB06C39-466D-4529-8930-E9B54A74986F}.Release|Mixed Platforms.Build.0 = Release|x86
		{CDB06C39-466D-4529-8930-E9B54A74986F}.Release|x86.ActiveCfg = Release|x86
		{CDB06C39-466D-4529-8930-E9B54A74986F}.Release|x86.Build.0 = Release|x86
		{2B625F3B-0717-496C-B5E9-D509D5FAEB9C}.Debug|Any CPU.ActiveCfg = Debug|Any CPU
		{2B625F3B-0717-496C-B5E9-D509D5FAEB9C}.Debug|Any CPU.Build.0 = Debug|Any CPU
		{2B625F3B-0717-496C-B5E9-D509D5FAEB9C}.Debug|Mixed Platforms.ActiveCfg = Debug|Any CPU
		{2B625F3B-0717-496C-B5E9-D509D5FAEB9C}.Debug|Mixed Platforms.Build.0 = Debug|Any CPU
		{2B625F3B-0717-496C-B5E9-D509D5FAEB9C}.Debug|x86.ActiveCfg = Debug|Any CPU
		{2B625F3B-0717-496C-B5E9-D509D5FAEB9C}.Release|Any CPU.ActiveCfg = Release|Any CPU
		{2B625F3B-0717-496C-B5E9-D509D5FAEB9C}.Release|Any CPU.Build.0 = Release|Any CPU
		{2B625F3B-0717-496C-B5E9-D509D5FAEB9C}.Release|Mixed Platforms.ActiveCfg = Release|Any CPU
		{2B625F3B-0717-496C-B5E9-D509D5FAEB9C}.Release|Mixed Platforms.Build.0 = Release|Any CPU
		{2B625F3B-0717-496C-B5E9-D509D5FAEB9C}.Release|x86.ActiveCfg = Release|Any CPU
		{66C94BE4-5245-4D0C-A358-87B9B85E092E}.Debug|Any CPU.ActiveCfg = Debug|Any CPU
		{66C94BE4-5245-4D0C-A358-87B9B85E092E}.Debug|Any CPU.Build.0 = Debug|Any CPU
		{66C94BE4-5245-4D0C-A358-87B9B85E092E}.Debug|Mixed Platforms.ActiveCfg = Debug|Any CPU
		{66C94BE4-5245-4D0C-A358-87B9B85E092E}.Debug|Mixed Platforms.Build.0 = Debug|Any CPU
		{66C94BE4-5245-4D0C-A358-87B9B85E092E}.Debug|x86.ActiveCfg = Debug|Any CPU
		{66C94BE4-5245-4D0C-A358-87B9B85E092E}.Release|Any CPU.ActiveCfg = Release|Any CPU
		{66C94BE4-5245-4D0C-A358-87B9B85E092E}.Release|Any CPU.Build.0 = Release|Any CPU
		{66C94BE4-5245-4D0C-A358-87B9B85E092E}.Release|Mixed Platforms.ActiveCfg = Release|Any CPU
		{66C94BE4-5245-4D0C-A358-87B9B85E092E}.Release|Mixed Platforms.Build.0 = Release|Any CPU
		{66C94BE4-5245-4D0C-A358-87B9B85E092E}.Release|x86.ActiveCfg = Release|Any CPU
	EndGlobalSection
	GlobalSection(SolutionProperties) = preSolution
		HideSolutionNode = FALSE
	EndGlobalSection
	GlobalSection(NestedProjects) = preSolution
		{6D9F0A0B-EBF4-47EE-97C0-ECD24530FD0A} = {081B0355-DCB2-4F47-B049-5594E529CF8A}
		{62559EE4-3E5E-4F97-8E3E-B4AE0A2086A9} = {081B0355-DCB2-4F47-B049-5594E529CF8A}
		{FE2B3AB7-7A49-4825-9D0F-17031560D930} = {081B0355-DCB2-4F47-B049-5594E529CF8A}
		{CC9E0791-9873-4A57-816B-FDF5F7D56FCC} = {081B0355-DCB2-4F47-B049-5594E529CF8A}
		{0363C846-AB70-4FAB-8488-111890B6AEF5} = {081B0355-DCB2-4F47-B049-5594E529CF8A}
		{3019B6F9-7A6A-4302-82EE-6D85BDF90C9C} = {081B0355-DCB2-4F47-B049-5594E529CF8A}
		{DDEA82E3-9C8A-4A1C-9987-5AA9E0A0C93D} = {081B0355-DCB2-4F47-B049-5594E529CF8A}
		{4E0C033D-3816-44C7-A205-FE5D1E4D5E2E} = {081B0355-DCB2-4F47-B049-5594E529CF8A}
		{E835B576-689B-41DD-8433-A816EF03F06D} = {081B0355-DCB2-4F47-B049-5594E529CF8A}
		{F7C1CD1A-DB3F-40C3-B17C-5624450DB2D1} = {081B0355-DCB2-4F47-B049-5594E529CF8A}
		{2CD4D188-D8B7-495B-8DFC-ADD90F851B74} = {081B0355-DCB2-4F47-B049-5594E529CF8A}
		{CDB06C39-466D-4529-8930-E9B54A74986F} = {081B0355-DCB2-4F47-B049-5594E529CF8A}
		{2B625F3B-0717-496C-B5E9-D509D5FAEB9C} = {081B0355-DCB2-4F47-B049-5594E529CF8A}
		{66C94BE4-5245-4D0C-A358-87B9B85E092E} = {081B0355-DCB2-4F47-B049-5594E529CF8A}
		{ECF122B9-4A5D-4124-AFF9-3B6689707EF0} = {4809C7D0-5B65-4B1F-B9A7-B4D080B0967B}
		{052DA623-72A9-45DE-9224-76AA20EB59C7} = {E05E6126-D7FD-4234-80C6-F0BCE34815F3}
		{77D30B6D-66D8-4AE7-A647-E705A74F61D4} = {E05E6126-D7FD-4234-80C6-F0BCE34815F3}
		{C162C709-FB3C-4DFF-A0C3-91DCAB3468BF} = {E05E6126-D7FD-4234-80C6-F0BCE34815F3}
		{C55F67BB-BCC0-4809-BBA7-B379CD42F227} = {E05E6126-D7FD-4234-80C6-F0BCE34815F3}
		{18BA9EA5-1487-4D6C-A8EC-8F3D1477DE7B} = {E05E6126-D7FD-4234-80C6-F0BCE34815F3}
		{0EEDCEE5-B033-4711-B2CF-13B9EF74203C} = {E05E6126-D7FD-4234-80C6-F0BCE34815F3}
		{E90D639D-B164-449A-8795-AC43F108C58C} = {E05E6126-D7FD-4234-80C6-F0BCE34815F3}
		{EEA9900B-D3B8-46F8-B452-EE4D64DD87A8} = {E05E6126-D7FD-4234-80C6-F0BCE34815F3}
		{9609F565-2EE3-4DD4-8B2B-5A19810FA18F} = {E05E6126-D7FD-4234-80C6-F0BCE34815F3}
	EndGlobalSection
EndGlobal
